// !$*UTF8*$!
{
	archiveVersion = 1;
	classes = {
	};
	objectVersion = 56;
	objects = {

/* Begin PBXBuildFile section */
		015F7C052BEBB19B00581E5F /* AppListChildCoordinator.swift in Sources */ = {isa = PBXBuildFile; fileRef = 015F7C042BEBB19B00581E5F /* AppListChildCoordinator.swift */; };
		015F7C072BEBB7AD00581E5F /* Coordinator.swift in Sources */ = {isa = PBXBuildFile; fileRef = 015F7C062BEBB7AD00581E5F /* Coordinator.swift */; };
		015F7C092BEBB82900581E5F /* CoordinatorBoard.swift in Sources */ = {isa = PBXBuildFile; fileRef = 015F7C082BEBB82900581E5F /* CoordinatorBoard.swift */; };
		015F7C0B2BEBB86900581E5F /* ChildCoordinatorFactory.swift in Sources */ = {isa = PBXBuildFile; fileRef = 015F7C0A2BEBB86900581E5F /* ChildCoordinatorFactory.swift */; };
		01648EEB2BE9113200FF4BFC /* AppListDetailViewController.swift in Sources */ = {isa = PBXBuildFile; fileRef = 01648EEA2BE9113200FF4BFC /* AppListDetailViewController.swift */; };
		01648EED2BE911FA00FF4BFC /* AppListDetailViewController+UI.swift in Sources */ = {isa = PBXBuildFile; fileRef = 01648EEC2BE911FA00FF4BFC /* AppListDetailViewController+UI.swift */; };
		01648EEF2BE91F0300FF4BFC /* AppListDetailViewModel.swift in Sources */ = {isa = PBXBuildFile; fileRef = 01648EEE2BE91F0300FF4BFC /* AppListDetailViewModel.swift */; };
		01948A222BE7724F0006BF10 /* AppDelegate.swift in Sources */ = {isa = PBXBuildFile; fileRef = 01948A212BE7724F0006BF10 /* AppDelegate.swift */; };
		01948A242BE7724F0006BF10 /* SceneDelegate.swift in Sources */ = {isa = PBXBuildFile; fileRef = 01948A232BE7724F0006BF10 /* SceneDelegate.swift */; };
		01948A292BE7724F0006BF10 /* Base in Resources */ = {isa = PBXBuildFile; fileRef = 01948A282BE7724F0006BF10 /* Base */; };
		01948A2C2BE7724F0006BF10 /* AppleMarketingTools.xcdatamodeld in Sources */ = {isa = PBXBuildFile; fileRef = 01948A2A2BE7724F0006BF10 /* AppleMarketingTools.xcdatamodeld */; };
		01948A2E2BE772520006BF10 /* Assets.xcassets in Resources */ = {isa = PBXBuildFile; fileRef = 01948A2D2BE772520006BF10 /* Assets.xcassets */; };
		01948A312BE772520006BF10 /* Base in Resources */ = {isa = PBXBuildFile; fileRef = 01948A302BE772520006BF10 /* Base */; };
		01948A3D2BE773920006BF10 /* AppListViewModel.swift in Sources */ = {isa = PBXBuildFile; fileRef = 01948A3C2BE773920006BF10 /* AppListViewModel.swift */; };
		01948A3F2BE774E40006BF10 /* AppListViewController.swift in Sources */ = {isa = PBXBuildFile; fileRef = 01948A3E2BE774E40006BF10 /* AppListViewController.swift */; };
		01948A452BE775BE0006BF10 /* AppRepository.swift in Sources */ = {isa = PBXBuildFile; fileRef = 01948A442BE775BE0006BF10 /* AppRepository.swift */; };
		01948A482BE775E70006BF10 /* NetworkManager.swift in Sources */ = {isa = PBXBuildFile; fileRef = 01948A472BE775E70006BF10 /* NetworkManager.swift */; };
		01948A4A2BE776200006BF10 /* AppResponse.swift in Sources */ = {isa = PBXBuildFile; fileRef = 01948A492BE776200006BF10 /* AppResponse.swift */; };
		01948A4D2BE77AE60006BF10 /* AppListUseCase.swift in Sources */ = {isa = PBXBuildFile; fileRef = 01948A4C2BE77AE60006BF10 /* AppListUseCase.swift */; };
		01948A4F2BE780020006BF10 /* AppListTableViewCell.swift in Sources */ = {isa = PBXBuildFile; fileRef = 01948A4E2BE780020006BF10 /* AppListTableViewCell.swift */; };
		01948A512BE7835D0006BF10 /* AppListViewController+UI.swift in Sources */ = {isa = PBXBuildFile; fileRef = 01948A502BE7835D0006BF10 /* AppListViewController+UI.swift */; };
		01948A532BE785430006BF10 /* AppListViewController+UITableView.swift in Sources */ = {isa = PBXBuildFile; fileRef = 01948A522BE785430006BF10 /* AppListViewController+UITableView.swift */; };
		01948A552BE78EF00006BF10 /* AppListTableViewCell+UI.swift in Sources */ = {isa = PBXBuildFile; fileRef = 01948A542BE78EF00006BF10 /* AppListTableViewCell+UI.swift */; };
		01B8ED202BE7DD7B0019236F /* ImageDownloader.swift in Sources */ = {isa = PBXBuildFile; fileRef = 01B8ED1F2BE7DD7B0019236F /* ImageDownloader.swift */; };
		01D224B02BEBCF36005729EE /* AppListDetailChildCoordinator.swift in Sources */ = {isa = PBXBuildFile; fileRef = 01D224AF2BEBCF36005729EE /* AppListDetailChildCoordinator.swift */; };
		01D224B22BEBDFB1005729EE /* MainCoordinator.swift in Sources */ = {isa = PBXBuildFile; fileRef = 01D224B12BEBDFB1005729EE /* MainCoordinator.swift */; };
/* End PBXBuildFile section */

/* Begin PBXFileReference section */
		015F7C042BEBB19B00581E5F /* AppListChildCoordinator.swift */ = {isa = PBXFileReference; lastKnownFileType = sourcecode.swift; path = AppListChildCoordinator.swift; sourceTree = "<group>"; };
		015F7C062BEBB7AD00581E5F /* Coordinator.swift */ = {isa = PBXFileReference; lastKnownFileType = sourcecode.swift; path = Coordinator.swift; sourceTree = "<group>"; };
		015F7C082BEBB82900581E5F /* CoordinatorBoard.swift */ = {isa = PBXFileReference; lastKnownFileType = sourcecode.swift; path = CoordinatorBoard.swift; sourceTree = "<group>"; };
		015F7C0A2BEBB86900581E5F /* ChildCoordinatorFactory.swift */ = {isa = PBXFileReference; lastKnownFileType = sourcecode.swift; path = ChildCoordinatorFactory.swift; sourceTree = "<group>"; };
		01648EEA2BE9113200FF4BFC /* AppListDetailViewController.swift */ = {isa = PBXFileReference; lastKnownFileType = sourcecode.swift; path = AppListDetailViewController.swift; sourceTree = "<group>"; };
		01648EEC2BE911FA00FF4BFC /* AppListDetailViewController+UI.swift */ = {isa = PBXFileReference; lastKnownFileType = sourcecode.swift; path = "AppListDetailViewController+UI.swift"; sourceTree = "<group>"; };
		01648EEE2BE91F0300FF4BFC /* AppListDetailViewModel.swift */ = {isa = PBXFileReference; lastKnownFileType = sourcecode.swift; path = AppListDetailViewModel.swift; sourceTree = "<group>"; };
		01948A1E2BE7724F0006BF10 /* AppleMarketingTools.app */ = {isa = PBXFileReference; explicitFileType = wrapper.application; includeInIndex = 0; path = AppleMarketingTools.app; sourceTree = BUILT_PRODUCTS_DIR; };
		01948A212BE7724F0006BF10 /* AppDelegate.swift */ = {isa = PBXFileReference; lastKnownFileType = sourcecode.swift; path = AppDelegate.swift; sourceTree = "<group>"; };
		01948A232BE7724F0006BF10 /* SceneDelegate.swift */ = {isa = PBXFileReference; lastKnownFileType = sourcecode.swift; path = SceneDelegate.swift; sourceTree = "<group>"; };
		01948A282BE7724F0006BF10 /* Base */ = {isa = PBXFileReference; lastKnownFileType = file.storyboard; name = Base; path = Base.lproj/Main.storyboard; sourceTree = "<group>"; };
		01948A2B2BE7724F0006BF10 /* AppleMarketingTools.xcdatamodel */ = {isa = PBXFileReference; lastKnownFileType = wrapper.xcdatamodel; path = AppleMarketingTools.xcdatamodel; sourceTree = "<group>"; };
		01948A2D2BE772520006BF10 /* Assets.xcassets */ = {isa = PBXFileReference; lastKnownFileType = folder.assetcatalog; path = Assets.xcassets; sourceTree = "<group>"; };
		01948A302BE772520006BF10 /* Base */ = {isa = PBXFileReference; lastKnownFileType = file.storyboard; name = Base; path = Base.lproj/LaunchScreen.storyboard; sourceTree = "<group>"; };
		01948A322BE772520006BF10 /* Info.plist */ = {isa = PBXFileReference; lastKnownFileType = text.plist.xml; path = Info.plist; sourceTree = "<group>"; };
		01948A3C2BE773920006BF10 /* AppListViewModel.swift */ = {isa = PBXFileReference; lastKnownFileType = sourcecode.swift; path = AppListViewModel.swift; sourceTree = "<group>"; };
		01948A3E2BE774E40006BF10 /* AppListViewController.swift */ = {isa = PBXFileReference; lastKnownFileType = sourcecode.swift; path = AppListViewController.swift; sourceTree = "<group>"; };
		01948A442BE775BE0006BF10 /* AppRepository.swift */ = {isa = PBXFileReference; lastKnownFileType = sourcecode.swift; path = AppRepository.swift; sourceTree = "<group>"; };
		01948A472BE775E70006BF10 /* NetworkManager.swift */ = {isa = PBXFileReference; lastKnownFileType = sourcecode.swift; path = NetworkManager.swift; sourceTree = "<group>"; };
		01948A492BE776200006BF10 /* AppResponse.swift */ = {isa = PBXFileReference; lastKnownFileType = sourcecode.swift; path = AppResponse.swift; sourceTree = "<group>"; };
		01948A4C2BE77AE60006BF10 /* AppListUseCase.swift */ = {isa = PBXFileReference; lastKnownFileType = sourcecode.swift; path = AppListUseCase.swift; sourceTree = "<group>"; };
		01948A4E2BE780020006BF10 /* AppListTableViewCell.swift */ = {isa = PBXFileReference; lastKnownFileType = sourcecode.swift; path = AppListTableViewCell.swift; sourceTree = "<group>"; };
		01948A502BE7835D0006BF10 /* AppListViewController+UI.swift */ = {isa = PBXFileReference; lastKnownFileType = sourcecode.swift; path = "AppListViewController+UI.swift"; sourceTree = "<group>"; };
		01948A522BE785430006BF10 /* AppListViewController+UITableView.swift */ = {isa = PBXFileReference; lastKnownFileType = sourcecode.swift; path = "AppListViewController+UITableView.swift"; sourceTree = "<group>"; };
		01948A542BE78EF00006BF10 /* AppListTableViewCell+UI.swift */ = {isa = PBXFileReference; lastKnownFileType = sourcecode.swift; path = "AppListTableViewCell+UI.swift"; sourceTree = "<group>"; };
		01B8ED1F2BE7DD7B0019236F /* ImageDownloader.swift */ = {isa = PBXFileReference; lastKnownFileType = sourcecode.swift; path = ImageDownloader.swift; sourceTree = "<group>"; };
		01D224AF2BEBCF36005729EE /* AppListDetailChildCoordinator.swift */ = {isa = PBXFileReference; lastKnownFileType = sourcecode.swift; path = AppListDetailChildCoordinator.swift; sourceTree = "<group>"; };
		01D224B12BEBDFB1005729EE /* MainCoordinator.swift */ = {isa = PBXFileReference; lastKnownFileType = sourcecode.swift; path = MainCoordinator.swift; sourceTree = "<group>"; };
/* End PBXFileReference section */

/* Begin PBXFrameworksBuildPhase section */
		01948A1B2BE7724F0006BF10 /* Frameworks */ = {
			isa = PBXFrameworksBuildPhase;
			buildActionMask = 2147483647;
			files = (
			);
			runOnlyForDeploymentPostprocessing = 0;
		};
/* End PBXFrameworksBuildPhase section */

/* Begin PBXGroup section */
		015F7C012BEBAF8800581E5F /* AppListView */ = {
			isa = PBXGroup;
			children = (
				01948A3E2BE774E40006BF10 /* AppListViewController.swift */,
				01948A502BE7835D0006BF10 /* AppListViewController+UI.swift */,
				01948A522BE785430006BF10 /* AppListViewController+UITableView.swift */,
				01948A4E2BE780020006BF10 /* AppListTableViewCell.swift */,
				01948A542BE78EF00006BF10 /* AppListTableViewCell+UI.swift */,
			);
			path = AppListView;
			sourceTree = "<group>";
		};
		015F7C022BEBB0CA00581E5F /* AppListDetailView */ = {
			isa = PBXGroup;
			children = (
				01648EEA2BE9113200FF4BFC /* AppListDetailViewController.swift */,
				01648EEC2BE911FA00FF4BFC /* AppListDetailViewController+UI.swift */,
			);
			path = AppListDetailView;
			sourceTree = "<group>";
		};
		015F7C032BEBB15300581E5F /* ChildCoordinator */ = {
			isa = PBXGroup;
			children = (
				015F7C042BEBB19B00581E5F /* AppListChildCoordinator.swift */,
				01D224AF2BEBCF36005729EE /* AppListDetailChildCoordinator.swift */,
			);
			path = ChildCoordinator;
			sourceTree = "<group>";
		};
		01948A152BE7724F0006BF10 = {
			isa = PBXGroup;
			children = (
				01948A202BE7724F0006BF10 /* AppleMarketingTools */,
				01948A1F2BE7724F0006BF10 /* Products */,
			);
			sourceTree = "<group>";
		};
		01948A1F2BE7724F0006BF10 /* Products */ = {
			isa = PBXGroup;
			children = (
				01948A1E2BE7724F0006BF10 /* AppleMarketingTools.app */,
			);
			name = Products;
			sourceTree = "<group>";
		};
		01948A202BE7724F0006BF10 /* AppleMarketingTools */ = {
			isa = PBXGroup;
			children = (
				01B8ED1E2BE7DD580019236F /* ImageDownloader */,
				01948A4B2BE77AA10006BF10 /* UseCase */,
				01948A462BE775D80006BF10 /* Network */,
				01948A432BE775A10006BF10 /* Repository */,
				01948A402BE775000006BF10 /* Coordinator */,
				01948A3B2BE772E00006BF10 /* ViewModel */,
				01948A3A2BE772D80006BF10 /* View */,
				01948A382BE772C80006BF10 /* Model */,
				01948A212BE7724F0006BF10 /* AppDelegate.swift */,
				01948A232BE7724F0006BF10 /* SceneDelegate.swift */,
				01948A272BE7724F0006BF10 /* Main.storyboard */,
				01948A2D2BE772520006BF10 /* Assets.xcassets */,
				01948A2F2BE772520006BF10 /* LaunchScreen.storyboard */,
				01948A322BE772520006BF10 /* Info.plist */,
				01948A2A2BE7724F0006BF10 /* AppleMarketingTools.xcdatamodeld */,
			);
			path = AppleMarketingTools;
			sourceTree = "<group>";
		};
		01948A382BE772C80006BF10 /* Model */ = {
			isa = PBXGroup;
			children = (
				01948A492BE776200006BF10 /* AppResponse.swift */,
			);
			path = Model;
			sourceTree = "<group>";
		};
		01948A3A2BE772D80006BF10 /* View */ = {
			isa = PBXGroup;
			children = (
				015F7C012BEBAF8800581E5F /* AppListView */,
				015F7C022BEBB0CA00581E5F /* AppListDetailView */,
			);
			path = View;
			sourceTree = "<group>";
		};
		01948A3B2BE772E00006BF10 /* ViewModel */ = {
			isa = PBXGroup;
			children = (
				01948A3C2BE773920006BF10 /* AppListViewModel.swift */,
				01648EEE2BE91F0300FF4BFC /* AppListDetailViewModel.swift */,
			);
			path = ViewModel;
			sourceTree = "<group>";
		};
		01948A402BE775000006BF10 /* Coordinator */ = {
			isa = PBXGroup;
			children = (
				015F7C032BEBB15300581E5F /* ChildCoordinator */,
				015F7C062BEBB7AD00581E5F /* Coordinator.swift */,
				01D224B12BEBDFB1005729EE /* MainCoordinator.swift */,
				015F7C082BEBB82900581E5F /* CoordinatorBoard.swift */,
				015F7C0A2BEBB86900581E5F /* ChildCoordinatorFactory.swift */,
			);
			path = Coordinator;
			sourceTree = "<group>";
		};
		01948A432BE775A10006BF10 /* Repository */ = {
			isa = PBXGroup;
			children = (
				01948A442BE775BE0006BF10 /* AppRepository.swift */,
			);
			path = Repository;
			sourceTree = "<group>";
		};
		01948A462BE775D80006BF10 /* Network */ = {
			isa = PBXGroup;
			children = (
				01948A472BE775E70006BF10 /* NetworkManager.swift */,
			);
			path = Network;
			sourceTree = "<group>";
		};
		01948A4B2BE77AA10006BF10 /* UseCase */ = {
			isa = PBXGroup;
			children = (
				01948A4C2BE77AE60006BF10 /* AppListUseCase.swift */,
			);
			path = UseCase;
			sourceTree = "<group>";
		};
		01B8ED1E2BE7DD580019236F /* ImageDownloader */ = {
			isa = PBXGroup;
			children = (
				01B8ED1F2BE7DD7B0019236F /* ImageDownloader.swift */,
			);
			path = ImageDownloader;
			sourceTree = "<group>";
		};
/* End PBXGroup section */

/* Begin PBXNativeTarget section */
		01948A1D2BE7724F0006BF10 /* AppleMarketingTools */ = {
			isa = PBXNativeTarget;
			buildConfigurationList = 01948A352BE772520006BF10 /* Build configuration list for PBXNativeTarget "AppleMarketingTools" */;
			buildPhases = (
				01948A1A2BE7724F0006BF10 /* Sources */,
				01948A1B2BE7724F0006BF10 /* Frameworks */,
				01948A1C2BE7724F0006BF10 /* Resources */,
			);
			buildRules = (
			);
			dependencies = (
			);
			name = AppleMarketingTools;
			productName = AppleMarketingTools;
			productReference = 01948A1E2BE7724F0006BF10 /* AppleMarketingTools.app */;
			productType = "com.apple.product-type.application";
		};
/* End PBXNativeTarget section */

/* Begin PBXProject section */
		01948A162BE7724F0006BF10 /* Project object */ = {
			isa = PBXProject;
			attributes = {
				BuildIndependentTargetsInParallel = 1;
				LastSwiftUpdateCheck = 1530;
				LastUpgradeCheck = 1530;
				TargetAttributes = {
					01948A1D2BE7724F0006BF10 = {
						CreatedOnToolsVersion = 15.3;
					};
				};
			};
			buildConfigurationList = 01948A192BE7724F0006BF10 /* Build configuration list for PBXProject "AppleMarketingTools" */;
			compatibilityVersion = "Xcode 14.0";
			developmentRegion = en;
			hasScannedForEncodings = 0;
			knownRegions = (
				en,
				Base,
			);
			mainGroup = 01948A152BE7724F0006BF10;
			productRefGroup = 01948A1F2BE7724F0006BF10 /* Products */;
			projectDirPath = "";
			projectRoot = "";
			targets = (
				01948A1D2BE7724F0006BF10 /* AppleMarketingTools */,
			);
		};
/* End PBXProject section */

/* Begin PBXResourcesBuildPhase section */
		01948A1C2BE7724F0006BF10 /* Resources */ = {
			isa = PBXResourcesBuildPhase;
			buildActionMask = 2147483647;
			files = (
				01948A2E2BE772520006BF10 /* Assets.xcassets in Resources */,
				01948A312BE772520006BF10 /* Base in Resources */,
				01948A292BE7724F0006BF10 /* Base in Resources */,
			);
			runOnlyForDeploymentPostprocessing = 0;
		};
/* End PBXResourcesBuildPhase section */

/* Begin PBXSourcesBuildPhase section */
		01948A1A2BE7724F0006BF10 /* Sources */ = {
			isa = PBXSourcesBuildPhase;
			buildActionMask = 2147483647;
			files = (
				01948A4A2BE776200006BF10 /* AppResponse.swift in Sources */,
				01B8ED202BE7DD7B0019236F /* ImageDownloader.swift in Sources */,
				01948A482BE775E70006BF10 /* NetworkManager.swift in Sources */,
				015F7C092BEBB82900581E5F /* CoordinatorBoard.swift in Sources */,
				01948A512BE7835D0006BF10 /* AppListViewController+UI.swift in Sources */,
				01948A552BE78EF00006BF10 /* AppListTableViewCell+UI.swift in Sources */,
				01948A532BE785430006BF10 /* AppListViewController+UITableView.swift in Sources */,
				01948A4D2BE77AE60006BF10 /* AppListUseCase.swift in Sources */,
				01948A222BE7724F0006BF10 /* AppDelegate.swift in Sources */,
				01648EED2BE911FA00FF4BFC /* AppListDetailViewController+UI.swift in Sources */,
				01948A3F2BE774E40006BF10 /* AppListViewController.swift in Sources */,
				01D224B22BEBDFB1005729EE /* MainCoordinator.swift in Sources */,
				01948A4F2BE780020006BF10 /* AppListTableViewCell.swift in Sources */,
				01D224B02BEBCF36005729EE /* AppListDetailChildCoordinator.swift in Sources */,
				015F7C052BEBB19B00581E5F /* AppListChildCoordinator.swift in Sources */,
				01948A2C2BE7724F0006BF10 /* AppleMarketingTools.xcdatamodeld in Sources */,
				01648EEB2BE9113200FF4BFC /* AppListDetailViewController.swift in Sources */,
				015F7C0B2BEBB86900581E5F /* ChildCoordinatorFactory.swift in Sources */,
				01948A3D2BE773920006BF10 /* AppListViewModel.swift in Sources */,
				01648EEF2BE91F0300FF4BFC /* AppListDetailViewModel.swift in Sources */,
				01948A242BE7724F0006BF10 /* SceneDelegate.swift in Sources */,
				01948A452BE775BE0006BF10 /* AppRepository.swift in Sources */,
				015F7C072BEBB7AD00581E5F /* Coordinator.swift in Sources */,
			);
			runOnlyForDeploymentPostprocessing = 0;
		};
/* End PBXSourcesBuildPhase section */

/* Begin PBXVariantGroup section */
		01948A272BE7724F0006BF10 /* Main.storyboard */ = {
			isa = PBXVariantGroup;
			children = (
				01948A282BE7724F0006BF10 /* Base */,
			);
			name = Main.storyboard;
			sourceTree = "<group>";
		};
		01948A2F2BE772520006BF10 /* LaunchScreen.storyboard */ = {
			isa = PBXVariantGroup;
			children = (
				01948A302BE772520006BF10 /* Base */,
			);
			name = LaunchScreen.storyboard;
			sourceTree = "<group>";
		};
/* End PBXVariantGroup section */

/* Begin XCBuildConfiguration section */
		01948A332BE772520006BF10 /* Debug */ = {
			isa = XCBuildConfiguration;
			buildSettings = {
				ALWAYS_SEARCH_USER_PATHS = NO;
				ASSETCATALOG_COMPILER_GENERATE_SWIFT_ASSET_SYMBOL_EXTENSIONS = YES;
				CLANG_ANALYZER_NONNULL = YES;
				CLANG_ANALYZER_NUMBER_OBJECT_CONVERSION = YES_AGGRESSIVE;
				CLANG_CXX_LANGUAGE_STANDARD = "gnu++20";
				CLANG_ENABLE_MODULES = YES;
				CLANG_ENABLE_OBJC_ARC = YES;
				CLANG_ENABLE_OBJC_WEAK = YES;
				CLANG_WARN_BLOCK_CAPTURE_AUTORELEASING = YES;
				CLANG_WARN_BOOL_CONVERSION = YES;
				CLANG_WARN_COMMA = YES;
				CLANG_WARN_CONSTANT_CONVERSION = YES;
				CLANG_WARN_DEPRECATED_OBJC_IMPLEMENTATIONS = YES;
				CLANG_WARN_DIRECT_OBJC_ISA_USAGE = YES_ERROR;
				CLANG_WARN_DOCUMENTATION_COMMENTS = YES;
				CLANG_WARN_EMPTY_BODY = YES;
				CLANG_WARN_ENUM_CONVERSION = YES;
				CLANG_WARN_INFINITE_RECURSION = YES;
				CLANG_WARN_INT_CONVERSION = YES;
				CLANG_WARN_NON_LITERAL_NULL_CONVERSION = YES;
				CLANG_WARN_OBJC_IMPLICIT_RETAIN_SELF = YES;
				CLANG_WARN_OBJC_LITERAL_CONVERSION = YES;
				CLANG_WARN_OBJC_ROOT_CLASS = YES_ERROR;
				CLANG_WARN_QUOTED_INCLUDE_IN_FRAMEWORK_HEADER = YES;
				CLANG_WARN_RANGE_LOOP_ANALYSIS = YES;
				CLANG_WARN_STRICT_PROTOTYPES = YES;
				CLANG_WARN_SUSPICIOUS_MOVE = YES;
				CLANG_WARN_UNGUARDED_AVAILABILITY = YES_AGGRESSIVE;
				CLANG_WARN_UNREACHABLE_CODE = YES;
				CLANG_WARN__DUPLICATE_METHOD_MATCH = YES;
				COPY_PHASE_STRIP = NO;
				DEBUG_INFORMATION_FORMAT = dwarf;
				ENABLE_STRICT_OBJC_MSGSEND = YES;
				ENABLE_TESTABILITY = YES;
				ENABLE_USER_SCRIPT_SANDBOXING = YES;
				GCC_C_LANGUAGE_STANDARD = gnu17;
				GCC_DYNAMIC_NO_PIC = NO;
				GCC_NO_COMMON_BLOCKS = YES;
				GCC_OPTIMIZATION_LEVEL = 0;
				GCC_PREPROCESSOR_DEFINITIONS = (
					"DEBUG=1",
					"$(inherited)",
				);
				GCC_WARN_64_TO_32_BIT_CONVERSION = YES;
				GCC_WARN_ABOUT_RETURN_TYPE = YES_ERROR;
				GCC_WARN_UNDECLARED_SELECTOR = YES;
				GCC_WARN_UNINITIALIZED_AUTOS = YES_AGGRESSIVE;
				GCC_WARN_UNUSED_FUNCTION = YES;
				GCC_WARN_UNUSED_VARIABLE = YES;
				IPHONEOS_DEPLOYMENT_TARGET = 17.4;
				LOCALIZATION_PREFERS_STRING_CATALOGS = YES;
				MTL_ENABLE_DEBUG_INFO = INCLUDE_SOURCE;
				MTL_FAST_MATH = YES;
				ONLY_ACTIVE_ARCH = YES;
				SDKROOT = iphoneos;
				SWIFT_ACTIVE_COMPILATION_CONDITIONS = "DEBUG $(inherited)";
				SWIFT_OPTIMIZATION_LEVEL = "-Onone";
			};
			name = Debug;
		};
		01948A342BE772520006BF10 /* Release */ = {
			isa = XCBuildConfiguration;
			buildSettings = {
				ALWAYS_SEARCH_USER_PATHS = NO;
				ASSETCATALOG_COMPILER_GENERATE_SWIFT_ASSET_SYMBOL_EXTENSIONS = YES;
				CLANG_ANALYZER_NONNULL = YES;
				CLANG_ANALYZER_NUMBER_OBJECT_CONVERSION = YES_AGGRESSIVE;
				CLANG_CXX_LANGUAGE_STANDARD = "gnu++20";
				CLANG_ENABLE_MODULES = YES;
				CLANG_ENABLE_OBJC_ARC = YES;
				CLANG_ENABLE_OBJC_WEAK = YES;
				CLANG_WARN_BLOCK_CAPTURE_AUTORELEASING = YES;
				CLANG_WARN_BOOL_CONVERSION = YES;
				CLANG_WARN_COMMA = YES;
				CLANG_WARN_CONSTANT_CONVERSION = YES;
				CLANG_WARN_DEPRECATED_OBJC_IMPLEMENTATIONS = YES;
				CLANG_WARN_DIRECT_OBJC_ISA_USAGE = YES_ERROR;
				CLANG_WARN_DOCUMENTATION_COMMENTS = YES;
				CLANG_WARN_EMPTY_BODY = YES;
				CLANG_WARN_ENUM_CONVERSION = YES;
				CLANG_WARN_INFINITE_RECURSION = YES;
				CLANG_WARN_INT_CONVERSION = YES;
				CLANG_WARN_NON_LITERAL_NULL_CONVERSION = YES;
				CLANG_WARN_OBJC_IMPLICIT_RETAIN_SELF = YES;
				CLANG_WARN_OBJC_LITERAL_CONVERSION = YES;
				CLANG_WARN_OBJC_ROOT_CLASS = YES_ERROR;
				CLANG_WARN_QUOTED_INCLUDE_IN_FRAMEWORK_HEADER = YES;
				CLANG_WARN_RANGE_LOOP_ANALYSIS = YES;
				CLANG_WARN_STRICT_PROTOTYPES = YES;
				CLANG_WARN_SUSPICIOUS_MOVE = YES;
				CLANG_WARN_UNGUARDED_AVAILABILITY = YES_AGGRESSIVE;
				CLANG_WARN_UNREACHABLE_CODE = YES;
				CLANG_WARN__DUPLICATE_METHOD_MATCH = YES;
				COPY_PHASE_STRIP = NO;
				DEBUG_INFORMATION_FORMAT = "dwarf-with-dsym";
				ENABLE_NS_ASSERTIONS = NO;
				ENABLE_STRICT_OBJC_MSGSEND = YES;
				ENABLE_USER_SCRIPT_SANDBOXING = YES;
				GCC_C_LANGUAGE_STANDARD = gnu17;
				GCC_NO_COMMON_BLOCKS = YES;
				GCC_WARN_64_TO_32_BIT_CONVERSION = YES;
				GCC_WARN_ABOUT_RETURN_TYPE = YES_ERROR;
				GCC_WARN_UNDECLARED_SELECTOR = YES;
				GCC_WARN_UNINITIALIZED_AUTOS = YES_AGGRESSIVE;
				GCC_WARN_UNUSED_FUNCTION = YES;
				GCC_WARN_UNUSED_VARIABLE = YES;
				IPHONEOS_DEPLOYMENT_TARGET = 17.4;
				LOCALIZATION_PREFERS_STRING_CATALOGS = YES;
				MTL_ENABLE_DEBUG_INFO = NO;
				MTL_FAST_MATH = YES;
				SDKROOT = iphoneos;
				SWIFT_COMPILATION_MODE = wholemodule;
				VALIDATE_PRODUCT = YES;
			};
			name = Release;
		};
		01948A362BE772520006BF10 /* Debug */ = {
			isa = XCBuildConfiguration;
			buildSettings = {
				ASSETCATALOG_COMPILER_APPICON_NAME = AppIcon;
				ASSETCATALOG_COMPILER_GLOBAL_ACCENT_COLOR_NAME = AccentColor;
				CODE_SIGN_STYLE = Automatic;
				CURRENT_PROJECT_VERSION = 1;
				DEVELOPMENT_TEAM = U3YAYZR339;
				GENERATE_INFOPLIST_FILE = YES;
				INFOPLIST_FILE = AppleMarketingTools/Info.plist;
				INFOPLIST_KEY_UIApplicationSupportsIndirectInputEvents = YES;
				INFOPLIST_KEY_UILaunchStoryboardName = LaunchScreen;
				INFOPLIST_KEY_UIMainStoryboardFile = Main;
				INFOPLIST_KEY_UISupportedInterfaceOrientations_iPad = "UIInterfaceOrientationPortrait UIInterfaceOrientationPortraitUpsideDown UIInterfaceOrientationLandscapeLeft UIInterfaceOrientationLandscapeRight";
				INFOPLIST_KEY_UISupportedInterfaceOrientations_iPhone = "UIInterfaceOrientationPortrait UIInterfaceOrientationLandscapeLeft UIInterfaceOrientationLandscapeRight";
				LD_RUNPATH_SEARCH_PATHS = (
					"$(inherited)",
					"@executable_path/Frameworks",
				);
				MARKETING_VERSION = 1.0;
				PRODUCT_BUNDLE_IDENTIFIER = com.practice.AppleMarketingTools;
				PRODUCT_NAME = "$(TARGET_NAME)";
				SWIFT_EMIT_LOC_STRINGS = YES;
				SWIFT_VERSION = 5.0;
				TARGETED_DEVICE_FAMILY = "1,2";
			};
			name = Debug;
		};
		01948A372BE772520006BF10 /* Release */ = {
			isa = XCBuildConfiguration;
			buildSettings = {
				ASSETCATALOG_COMPILER_APPICON_NAME = AppIcon;
				ASSETCATALOG_COMPILER_GLOBAL_ACCENT_COLOR_NAME = AccentColor;
				CODE_SIGN_STYLE = Automatic;
				CURRENT_PROJECT_VERSION = 1;
				DEVELOPMENT_TEAM = U3YAYZR339;
				GENERATE_INFOPLIST_FILE = YES;
				INFOPLIST_FILE = AppleMarketingTools/Info.plist;
				INFOPLIST_KEY_UIApplicationSupportsIndirectInputEvents = YES;
				INFOPLIST_KEY_UILaunchStoryboardName = LaunchScreen;
				INFOPLIST_KEY_UIMainStoryboardFile = Main;
				INFOPLIST_KEY_UISupportedInterfaceOrientations_iPad = "UIInterfaceOrientationPortrait UIInterfaceOrientationPortraitUpsideDown UIInterfaceOrientationLandscapeLeft UIInterfaceOrientationLandscapeRight";
				INFOPLIST_KEY_UISupportedInterfaceOrientations_iPhone = "UIInterfaceOrientationPortrait UIInterfaceOrientationLandscapeLeft UIInterfaceOrientationLandscapeRight";
				LD_RUNPATH_SEARCH_PATHS = (
					"$(inherited)",
					"@executable_path/Frameworks",
				);
				MARKETING_VERSION = 1.0;
				PRODUCT_BUNDLE_IDENTIFIER = com.practice.AppleMarketingTools;
				PRODUCT_NAME = "$(TARGET_NAME)";
				SWIFT_EMIT_LOC_STRINGS = YES;
				SWIFT_VERSION = 5.0;
				TARGETED_DEVICE_FAMILY = "1,2";
			};
			name = Release;
		};
/* End XCBuildConfiguration section */

/* Begin XCConfigurationList section */
		01948A192BE7724F0006BF10 /* Build configuration list for PBXProject "AppleMarketingTools" */ = {
			isa = XCConfigurationList;
			buildConfigurations = (
				01948A332BE772520006BF10 /* Debug */,
				01948A342BE772520006BF10 /* Release */,
			);
			defaultConfigurationIsVisible = 0;
			defaultConfigurationName = Release;
		};
		01948A352BE772520006BF10 /* Build configuration list for PBXNativeTarget "AppleMarketingTools" */ = {
			isa = XCConfigurationList;
			buildConfigurations = (
				01948A362BE772520006BF10 /* Debug */,
				01948A372BE772520006BF10 /* Release */,
			);
			defaultConfigurationIsVisible = 0;
			defaultConfigurationName = Release;
		};
/* End XCConfigurationList section */

/* Begin XCVersionGroup section */
		01948A2A2BE7724F0006BF10 /* AppleMarketingTools.xcdatamodeld */ = {
			isa = XCVersionGroup;
			children = (
				01948A2B2BE7724F0006BF10 /* AppleMarketingTools.xcdatamodel */,
			);
			currentVersion = 01948A2B2BE7724F0006BF10 /* AppleMarketingTools.xcdatamodel */;
			path = AppleMarketingTools.xcdatamodeld;
			sourceTree = "<group>";
			versionGroupType = wrapper.xcdatamodel;
		};
/* End XCVersionGroup section */
	};
	rootObject = 01948A162BE7724F0006BF10 /* Project object */;
}
